Microsoft Visual Studio Solution File, Format Version 12.00
# Visual Studio Version 17
VisualStudioVersion = 17.0.31903.59
MinimumVisualStudioVersion = 10.0.40219.1
Project("{FAE04EC0-301F-11D3-BF4B-00C04F79EFBC}") = "PiSharp.Abstractions", "src\PiSharp.Abstractions\PiSharp.Abstractions.csproj", "{A1B2C3D4-E5F6-7890-ABCD-EF1234567890}"
EndProject
Project("{FAE04EC0-301F-11D3-BF4B-00C04F79EFBC}") = "PiSharp.Agent.Core", "src\PiSharp.Agent.Core\PiSharp.Agent.Core.csproj", "{B2C3D4E5-F6A7-8901-BCDE-F12345678901}"
EndProject
Project("{FAE04EC0-301F-11D3-BF4B-00C04F79EFBC}") = "PiSharp.Agent", "src\PiSharp.Agent\PiSharp.Agent.csproj", "{C3D4E5F6-A789-0123-CDEF-123456789012}"
EndProject
Project("{FAE04EC0-301F-11D3-BF4B-00C04F79EFBC}") = "PiSharp.Agent.Tests", "tests\PiSharp.Agent.Tests\PiSharp.Agent.Tests.csproj", "{D4E5F6A7-8901-2345-DEF1-234567890123}"
EndProject
Project("{FAE04EC0-301F-11D3-BF4B-00C04F79EFBC}") = "PiSharp.Ai", "src\PiSharp.Ai\PiSharp.Ai.csproj", "{E5F6A789-0123-4567-EF12-345678901234}"
EndProject
Project("{FAE04EC0-301F-11D3-BF4B-00C04F79EFBC}") = "PiSharp.Ai.Tests", "tests\PiSharp.Ai.Tests\PiSharp.Ai.Tests.csproj", "{F6A78901-2345-6789-F123-456789012345}"
EndProject
Project("{FAE04EC0-301F-11D3-BF4B-00C04F79EFBC}") = "PiSharp.Tools", "src\PiSharp.Tools\PiSharp.Tools.csproj", "{0C0AE58E-2356-4A15-9B65-5ACD11E1FA04}"
EndProject
Project("{FAE04EC0-301F-11D3-BF4B-00C04F79EFBC}") = "PiSharp.Tools.Tests", "tests\PiSharp.Tools.Tests\PiSharp.Tools.Tests.csproj", "{0F04E8B8-7932-4A5D-AB31-AC4D62F650E2}"
EndProject
Project("{FAE04EC0-301F-11D3-BF4B-00C04F79EFBC}") = "PiSharp.Cli", "src\PiSharp.Cli\PiSharp.Cli.csproj", "{1A7C8E9F-2345-4B6C-8D90-1234567890AB}"
EndProject
Project("{FAE04EC0-301F-11D3-BF4B-00C04F79EFBC}") = "PiSharp.Cli.Tests", "tests\PiSharp.Cli.Tests\PiSharp.Cli.Tests.csproj", "{2B8D9FA0-3456-4C7D-9E01-234567890ABC}"
EndProject
Project("{FAE04EC0-301F-11D3-BF4B-00C04F79EFBC}") = "PiSharp.Tui", "src\PiSharp.Tui\PiSharp.Tui.csproj", "{3C9EA0B1-4567-4D8E-AF12-34567890ABCD}"
EndProject
Project("{FAE04EC0-301F-11D3-BF4B-00C04F79EFBC}") = "PiSharp.Tui.Tests", "tests\PiSharp.Tui.Tests\PiSharp.Tui.Tests.csproj", "{4DAFB1C2-5678-4E9F-B012-4567890ABCDE}"
EndProject
Project("{FAE04EC0-301F-11D3-BF4B-00C04F79EFBC}") = "PiSharp.Extensions", "src\PiSharp.Extensions\PiSharp.Extensions.csproj", "{5E0C8A10-0001-4000-9000-000000000601}"
EndProject
Project("{FAE04EC0-301F-11D3-BF4B-00C04F79EFBC}") = "PiSharp.PluginHost", "src\PiSharp.PluginHost\PiSharp.PluginHost.csproj", "{5E0C8A10-0002-4000-9000-000000000602}"
EndProject
Project("{FAE04EC0-301F-11D3-BF4B-00C04F79EFBC}") = "PiSharp.TsBridge", "src\PiSharp.TsBridge\PiSharp.TsBridge.csproj", "{5E0C8A10-0003-4000-9000-000000000603}"
EndProject
Project("{FAE04EC0-301F-11D3-BF4B-00C04F79EFBC}") = "PiSharp.Extensions.Tests", "tests\PiSharp.Extensions.Tests\PiSharp.Extensions.Tests.csproj", "{5E0C8A10-0004-4000-9000-000000000604}"
EndProject
Project("{FAE04EC0-301F-11D3-BF4B-00C04F79EFBC}") = "PiSharp.PluginHost.Tests", "tests\PiSharp.PluginHost.Tests\PiSharp.PluginHost.Tests.csproj", "{5E0C8A10-0005-4000-9000-000000000605}"
EndProject
Project("{FAE04EC0-301F-11D3-BF4B-00C04F79EFBC}") = "PiSharp.TsBridge.Tests", "tests\PiSharp.TsBridge.Tests\PiSharp.TsBridge.Tests.csproj", "{5E0C8A10-0006-4000-9000-000000000606}"
EndProject
Project("{FAE04EC0-301F-11D3-BF4B-00C04F79EFBC}") = "PiSharp.Compatibility", "src\PiSharp.Compatibility\PiSharp.Compatibility.csproj", "{5E0C8A10-0007-4000-9000-000000000607}"
EndProject
Project("{FAE04EC0-301F-11D3-BF4B-00C04F79EFBC}") = "PiSharp.Compatibility.Tests", "tests\PiSharp.Compatibility.Tests\PiSharp.Compatibility.Tests.csproj", "{5E0C8A10-0008-4000-9000-000000000608}"
EndProject
Project("{FAE04EC0-301F-11D3-BF4B-00C04F79EFBC}") = "PiSharp.Ai.ModelGenerator", "src\PiSharp.Ai.ModelGenerator\PiSharp.Ai.ModelGenerator.csproj", "{5E0C8A10-0009-4000-9000-000000000609}"
EndProject
Project("{2150E333-8FDC-42A3-9474-1A3956D46DE8}") = "src", "src", "{827E0CD3-B72D-47B6-A68D-7590B98EB39B}"
EndProject
Project("{FAE04EC0-301F-11D3-BF4B-00C04F79EFBC}") = "PiSharp.Runtime", "src\PiSharp.Runtime\PiSharp.Runtime.csproj", "{438BE567-0227-4D2F-931E-BC1F0E782E4C}"
EndProject
Project("{FAE04EC0-301F-11D3-BF4B-00C04F79EFBC}") = "PiSharp.Server", "src\PiSharp.Server\PiSharp.Server.csproj", "{29592F86-5BA9-465C-8C4F-E2A1C6CA2284}"
EndProject
Project("{2150E333-8FDC-42A3-9474-1A3956D46DE8}") = "tests", "tests", "{0AB3BF05-4346-4AA6-1389-037BE0695223}"
EndProject
Project("{FAE04EC0-301F-11D3-BF4B-00C04F79EFBC}") = "PiSharp.Runtime.Tests", "tests\PiSharp.Runtime.Tests\PiSharp.Runtime.Tests.csproj", "{FAE936DA-EFC0-41BA-BDEE-871223EB76C5}"
EndProject
Project("{FAE04EC0-301F-11D3-BF4B-00C04F79EFBC}") = "PiSharp.Server.Tests", "tests\PiSharp.Server.Tests\PiSharp.Server.Tests.csproj", "{EB2CF861-2F4E-4F89-984C-B2FE676EBA3C}"
EndProject
Project("{FAE04EC0-301F-11D3-BF4B-00C04F79EFBC}") = "PiSharp.Coordination", "src\PiSharp.Coordination\PiSharp.Coordination.csproj", "{19305444-42CE-47CA-A167-0BF79BF126A4}"
EndProject
Project("{FAE04EC0-301F-11D3-BF4B-00C04F79EFBC}") = "PiSharp.Coordination.Daemon", "src\PiSharp.Coordination.Daemon\PiSharp.Coordination.Daemon.csproj", "{92A6E519-3311-4BC6-839B-6A5162BC7CE0}"
EndProject
Project("{FAE04EC0-301F-11D3-BF4B-00C04F79EFBC}") = "PiSharp.Coordination.Tests", "tests\PiSharp.Coordination.Tests\PiSharp.Coordination.Tests.csproj", "{835AE6F4-2A23-4637-807B-408E4C5D96C6}"
EndProject
Project("{FAE04EC0-301F-11D3-BF4B-00C04F79EFBC}") = "PiSharp.Extensions.Testing", "tests\PiSharp.Extensions.Testing\PiSharp.Extensions.Testing.csproj", "{9C23F0A0-278D-47AC-B277-BA2AF4FE2F9E}"
EndProject
Project("{FAE04EC0-301F-11D3-BF4B-00C04F79EFBC}") = "PiSharp.Browser", "src\PiSharp.Browser\PiSharp.Browser.csproj", "{207801F9-5AA5-40E0-BE6E-6F0C65D91F99}"
EndProject
Project("{FAE04EC0-301F-11D3-BF4B-00C04F79EFBC}") = "PiSharp.Ast", "src\PiSharp.Ast\PiSharp.Ast.csproj", "{4E967108-3B31-4A6F-89E0-79A884039355}"
EndProject
Project("{FAE04EC0-301F-11D3-BF4B-00C04F79EFBC}") = "PiSharp.Git", "src\PiSharp.Git\PiSharp.Git.csproj", "{BC686528-4732-40E9-A93D-4905B0B67849}"
EndProject
Project("{FAE04EC0-301F-11D3-BF4B-00C04F79EFBC}") = "PiSharp.Subagents", "src\PiSharp.Subagents\PiSharp.Subagents.csproj", "{C0B01F1C-0383-4695-B0C4-E9836BC8061B}"
EndProject
Project("{FAE04EC0-301F-11D3-BF4B-00C04F79EFBC}") = "PiSharp.Browser.Tests", "tests\PiSharp.Browser.Tests\PiSharp.Browser.Tests.csproj", "{E1026BB2-D6FB-42A8-A18F-B18F05351F8B}"
EndProject
Project("{FAE04EC0-301F-11D3-BF4B-00C04F79EFBC}") = "PiSharp.Ast.Tests", "tests\PiSharp.Ast.Tests\PiSharp.Ast.Tests.csproj", "{41FE0A98-3D1B-48EF-A1F5-86C9C10D2C0B}"
EndProject
Project("{FAE04EC0-301F-11D3-BF4B-00C04F79EFBC}") = "PiSharp.Git.Tests", "tests\PiSharp.Git.Tests\PiSharp.Git.Tests.csproj", "{3975E58A-B703-4320-A2BF-F81F9C7079DB}"
EndProject
Project("{FAE04EC0-301F-11D3-BF4B-00C04F79EFBC}") = "PiSharp.Subagents.Tests", "tests\PiSharp.Subagents.Tests\PiSharp.Subagents.Tests.csproj", "{26ABCAE1-6C43-4D0C-8E0C-3370A535D7E3}"
Project("{FAE04EC0-301F-11D3-BF4B-00C04F79EFBC}") = "PiSharp.Client", "src\PiSharp.Client\PiSharp.Client.csproj", "{C4925928-A6B5-4A75-8530-323652D80BC7}"
EndProject
Project("{FAE04EC0-301F-11D3-BF4B-00C04F79EFBC}") = "PiSharp.Client.Tests", "tests\PiSharp.Client.Tests\PiSharp.Client.Tests.csproj", "{B0E0953E-E0EC-40B1-8E7C-9C23621594FF}"
EndProject
Global
	GlobalSection(SolutionConfigurationPlatforms) = preSolution
		Debug|Any CPU = Debug|Any CPU
		Debug|x64 = Debug|x64
		Debug|x86 = Debug|x86
		Release|Any CPU = Release|Any CPU
		Release|x64 = Release|x64
		Release|x86 = Release|x86
	EndGlobalSection
	GlobalSection(ProjectConfigurationPlatforms) = postSolution
		{A1B2C3D4-E5F6-7890-ABCD-EF1234567890}.Debug|Any CPU.ActiveCfg = Debug|Any CPU
		{A1B2C3D4-E5F6-7890-ABCD-EF1234567890}.Debug|Any CPU.Build.0 = Debug|Any CPU
		{A1B2C3D4-E5F6-7890-ABCD-EF1234567890}.Debug|x64.ActiveCfg = Debug|Any CPU
		{A1B2C3D4-E5F6-7890-ABCD-EF1234567890}.Debug|x64.Build.0 = Debug|Any CPU
		{A1B2C3D4-E5F6-7890-ABCD-EF1234567890}.Debug|x86.ActiveCfg = Debug|Any CPU
		{A1B2C3D4-E5F6-7890-ABCD-EF1234567890}.Debug|x86.Build.0 = Debug|Any CPU
		{A1B2C3D4-E5F6-7890-ABCD-EF1234567890}.Release|Any CPU.ActiveCfg = Release|Any CPU
		{A1B2C3D4-E5F6-7890-ABCD-EF1234567890}.Release|Any CPU.Build.0 = Release|Any CPU
		{A1B2C3D4-E5F6-7890-ABCD-EF1234567890}.Release|x64.ActiveCfg = Release|Any CPU
		{A1B2C3D4-E5F6-7890-ABCD-EF1234567890}.Release|x64.Build.0 = Release|Any CPU
		{A1B2C3D4-E5F6-7890-ABCD-EF1234567890}.Release|x86.ActiveCfg = Release|Any CPU
		{A1B2C3D4-E5F6-7890-ABCD-EF1234567890}.Release|x86.Build.0 = Release|Any CPU
		{B2C3D4E5-F6A7-8901-BCDE-F12345678901}.Debug|Any CPU.ActiveCfg = Debug|Any CPU
		{B2C3D4E5-F6A7-8901-BCDE-F12345678901}.Debug|Any CPU.Build.0 = Debug|Any CPU
		{B2C3D4E5-F6A7-8901-BCDE-F12345678901}.Debug|x64.ActiveCfg = Debug|Any CPU
		{B2C3D4E5-F6A7-8901-BCDE-F12345678901}.Debug|x64.Build.0 = Debug|Any CPU
		{B2C3D4E5-F6A7-8901-BCDE-F12345678901}.Debug|x86.ActiveCfg = Debug|Any CPU
		{B2C3D4E5-F6A7-8901-BCDE-F12345678901}.Debug|x86.Build.0 = Debug|Any CPU
		{B2C3D4E5-F6A7-8901-BCDE-F12345678901}.Release|Any CPU.ActiveCfg = Release|Any CPU
		{B2C3D4E5-F6A7-8901-BCDE-F12345678901}.Release|Any CPU.Build.0 = Release|Any CPU
		{B2C3D4E5-F6A7-8901-BCDE-F12345678901}.Release|x64.ActiveCfg = Release|Any CPU
		{B2C3D4E5-F6A7-8901-BCDE-F12345678901}.Release|x64.Build.0 = Release|Any CPU
		{B2C3D4E5-F6A7-8901-BCDE-F12345678901}.Release|x86.ActiveCfg = Release|Any CPU
		{B2C3D4E5-F6A7-8901-BCDE-F12345678901}.Release|x86.Build.0 = Release|Any CPU
		{C3D4E5F6-A789-0123-CDEF-123456789012}.Debug|Any CPU.ActiveCfg = Debug|Any CPU
		{C3D4E5F6-A789-0123-CDEF-123456789012}.Debug|Any CPU.Build.0 = Debug|Any CPU
		{C3D4E5F6-A789-0123-CDEF-123456789012}.Debug|x64.ActiveCfg = Debug|Any CPU
		{C3D4E5F6-A789-0123-CDEF-123456789012}.Debug|x64.Build.0 = Debug|Any CPU
		{C3D4E5F6-A789-0123-CDEF-123456789012}.Debug|x86.ActiveCfg = Debug|Any CPU
		{C3D4E5F6-A789-0123-CDEF-123456789012}.Debug|x86.Build.0 = Debug|Any CPU
		{C3D4E5F6-A789-0123-CDEF-123456789012}.Release|Any CPU.ActiveCfg = Release|Any CPU
		{C3D4E5F6-A789-0123-CDEF-123456789012}.Release|Any CPU.Build.0 = Release|Any CPU
		{C3D4E5F6-A789-0123-CDEF-123456789012}.Release|x64.ActiveCfg = Release|Any CPU
		{C3D4E5F6-A789-0123-CDEF-123456789012}.Release|x64.Build.0 = Release|Any CPU
		{C3D4E5F6-A789-0123-CDEF-123456789012}.Release|x86.ActiveCfg = Release|Any CPU
		{C3D4E5F6-A789-0123-CDEF-123456789012}.Release|x86.Build.0 = Release|Any CPU
		{D4E5F6A7-8901-2345-DEF1-234567890123}.Debug|Any CPU.ActiveCfg = Debug|Any CPU
		{D4E5F6A7-8901-2345-DEF1-234567890123}.Debug|Any CPU.Build.0 = Debug|Any CPU
		{D4E5F6A7-8901-2345-DEF1-234567890123}.Debug|x64.ActiveCfg = Debug|Any CPU
		{D4E5F6A7-8901-2345-DEF1-234567890123}.Debug|x64.Build.0 = Debug|Any CPU
		{D4E5F6A7-8901-2345-DEF1-234567890123}.Debug|x86.ActiveCfg = Debug|Any CPU
		{D4E5F6A7-8901-2345-DEF1-234567890123}.Debug|x86.Build.0 = Debug|Any CPU
		{D4E5F6A7-8901-2345-DEF1-234567890123}.Release|Any CPU.ActiveCfg = Release|Any CPU
		{D4E5F6A7-8901-2345-DEF1-234567890123}.Release|Any CPU.Build.0 = Release|Any CPU
		{D4E5F6A7-8901-2345-DEF1-234567890123}.Release|x64.ActiveCfg = Release|Any CPU
		{D4E5F6A7-8901-2345-DEF1-234567890123}.Release|x64.Build.0 = Release|Any CPU
		{D4E5F6A7-8901-2345-DEF1-234567890123}.Release|x86.ActiveCfg = Release|Any CPU
		{D4E5F6A7-8901-2345-DEF1-234567890123}.Release|x86.Build.0 = Release|Any CPU
		{E5F6A789-0123-4567-EF12-345678901234}.Debug|Any CPU.ActiveCfg = Debug|Any CPU
		{E5F6A789-0123-4567-EF12-345678901234}.Debug|Any CPU.Build.0 = Debug|Any CPU
		{E5F6A789-0123-4567-EF12-345678901234}.Debug|x64.ActiveCfg = Debug|Any CPU
		{E5F6A789-0123-4567-EF12-345678901234}.Debug|x64.Build.0 = Debug|Any CPU
		{E5F6A789-0123-4567-EF12-345678901234}.Debug|x86.ActiveCfg = Debug|Any CPU
		{E5F6A789-0123-4567-EF12-345678901234}.Debug|x86.Build.0 = Debug|Any CPU
		{E5F6A789-0123-4567-EF12-345678901234}.Release|Any CPU.ActiveCfg = Release|Any CPU
		{E5F6A789-0123-4567-EF12-345678901234}.Release|Any CPU.Build.0 = Release|Any CPU
		{E5F6A789-0123-4567-EF12-345678901234}.Release|x64.ActiveCfg = Release|Any CPU
		{E5F6A789-0123-4567-EF12-345678901234}.Release|x64.Build.0 = Release|Any CPU
		{E5F6A789-0123-4567-EF12-345678901234}.Release|x86.ActiveCfg = Release|Any CPU
		{E5F6A789-0123-4567-EF12-345678901234}.Release|x86.Build.0 = Release|Any CPU
		{F6A78901-2345-6789-F123-456789012345}.Debug|Any CPU.ActiveCfg = Debug|Any CPU
		{F6A78901-2345-6789-F123-456789012345}.Debug|Any CPU.Build.0 = Debug|Any CPU
		{F6A78901-2345-6789-F123-456789012345}.Debug|x64.ActiveCfg = Debug|Any CPU
		{F6A78901-2345-6789-F123-456789012345}.Debug|x64.Build.0 = Debug|Any CPU
		{F6A78901-2345-6789-F123-456789012345}.Debug|x86.ActiveCfg = Debug|Any CPU
		{F6A78901-2345-6789-F123-456789012345}.Debug|x86.Build.0 = Debug|Any CPU
		{F6A78901-2345-6789-F123-456789012345}.Release|Any CPU.ActiveCfg = Release|Any CPU
		{F6A78901-2345-6789-F123-456789012345}.Release|Any CPU.Build.0 = Release|Any CPU
		{F6A78901-2345-6789-F123-456789012345}.Release|x64.ActiveCfg = Release|Any CPU
		{F6A78901-2345-6789-F123-456789012345}.Release|x64.Build.0 = Release|Any CPU
		{F6A78901-2345-6789-F123-456789012345}.Release|x86.ActiveCfg = Release|Any CPU
		{F6A78901-2345-6789-F123-456789012345}.Release|x86.Build.0 = Release|Any CPU
		{0C0AE58E-2356-4A15-9B65-5ACD11E1FA04}.Debug|Any CPU.ActiveCfg = Debug|Any CPU
		{0C0AE58E-2356-4A15-9B65-5ACD11E1FA04}.Debug|Any CPU.Build.0 = Debug|Any CPU
		{0C0AE58E-2356-4A15-9B65-5ACD11E1FA04}.Debug|x64.ActiveCfg = Debug|Any CPU
		{0C0AE58E-2356-4A15-9B65-5ACD11E1FA04}.Debug|x64.Build.0 = Debug|Any CPU
		{0C0AE58E-2356-4A15-9B65-5ACD11E1FA04}.Debug|x86.ActiveCfg = Debug|Any CPU
		{0C0AE58E-2356-4A15-9B65-5ACD11E1FA04}.Debug|x86.Build.0 = Debug|Any CPU
		{0C0AE58E-2356-4A15-9B65-5ACD11E1FA04}.Release|Any CPU.ActiveCfg = Release|Any CPU
		{0C0AE58E-2356-4A15-9B65-5ACD11E1FA04}.Release|Any CPU.Build.0 = Release|Any CPU
		{0C0AE58E-2356-4A15-9B65-5ACD11E1FA04}.Release|x64.ActiveCfg = Release|Any CPU
		{0C0AE58E-2356-4A15-9B65-5ACD11E1FA04}.Release|x64.Build.0 = Release|Any CPU
		{0C0AE58E-2356-4A15-9B65-5ACD11E1FA04}.Release|x86.ActiveCfg = Release|Any CPU
		{0C0AE58E-2356-4A15-9B65-5ACD11E1FA04}.Release|x86.Build.0 = Release|Any CPU
		{0F04E8B8-7932-4A5D-AB31-AC4D62F650E2}.Debug|Any CPU.ActiveCfg = Debug|Any CPU
		{0F04E8B8-7932-4A5D-AB31-AC4D62F650E2}.Debug|Any CPU.Build.0 = Debug|Any CPU
		{0F04E8B8-7932-4A5D-AB31-AC4D62F650E2}.Debug|x64.ActiveCfg = Debug|Any CPU
		{0F04E8B8-7932-4A5D-AB31-AC4D62F650E2}.Debug|x64.Build.0 = Debug|Any CPU
		{0F04E8B8-7932-4A5D-AB31-AC4D62F650E2}.Debug|x86.ActiveCfg = Debug|Any CPU
		{0F04E8B8-7932-4A5D-AB31-AC4D62F650E2}.Debug|x86.Build.0 = Debug|Any CPU
		{0F04E8B8-7932-4A5D-AB31-AC4D62F650E2}.Release|Any CPU.ActiveCfg = Release|Any CPU
		{0F04E8B8-7932-4A5D-AB31-AC4D62F650E2}.Release|Any CPU.Build.0 = Release|Any CPU
		{0F04E8B8-7932-4A5D-AB31-AC4D62F650E2}.Release|x64.ActiveCfg = Release|Any CPU
		{0F04E8B8-7932-4A5D-AB31-AC4D62F650E2}.Release|x64.Build.0 = Release|Any CPU
		{0F04E8B8-7932-4A5D-AB31-AC4D62F650E2}.Release|x86.ActiveCfg = Release|Any CPU
		{0F04E8B8-7932-4A5D-AB31-AC4D62F650E2}.Release|x86.Build.0 = Release|Any CPU
		{1A7C8E9F-2345-4B6C-8D90-1234567890AB}.Debug|Any CPU.ActiveCfg = Debug|Any CPU
		{1A7C8E9F-2345-4B6C-8D90-1234567890AB}.Debug|Any CPU.Build.0 = Debug|Any CPU
		{1A7C8E9F-2345-4B6C-8D90-1234567890AB}.Debug|x64.ActiveCfg = Debug|Any CPU
		{1A7C8E9F-2345-4B6C-8D90-1234567890AB}.Debug|x64.Build.0 = Debug|Any CPU
		{1A7C8E9F-2345-4B6C-8D90-1234567890AB}.Debug|x86.ActiveCfg = Debug|Any CPU
		{1A7C8E9F-2345-4B6C-8D90-1234567890AB}.Debug|x86.Build.0 = Debug|Any CPU
		{1A7C8E9F-2345-4B6C-8D90-1234567890AB}.Release|Any CPU.ActiveCfg = Release|Any CPU
		{1A7C8E9F-2345-4B6C-8D90-1234567890AB}.Release|Any CPU.Build.0 = Release|Any CPU
		{1A7C8E9F-2345-4B6C-8D90-1234567890AB}.Release|x64.ActiveCfg = Release|Any CPU
		{1A7C8E9F-2345-4B6C-8D90-1234567890AB}.Release|x64.Build.0 = Release|Any CPU
		{1A7C8E9F-2345-4B6C-8D90-1234567890AB}.Release|x86.ActiveCfg = Release|Any CPU
		{1A7C8E9F-2345-4B6C-8D90-1234567890AB}.Release|x86.Build.0 = Release|Any CPU
		{2B8D9FA0-3456-4C7D-9E01-234567890ABC}.Debug|Any CPU.ActiveCfg = Debug|Any CPU
		{2B8D9FA0-3456-4C7D-9E01-234567890ABC}.Debug|Any CPU.Build.0 = Debug|Any CPU
		{2B8D9FA0-3456-4C7D-9E01-234567890ABC}.Debug|x64.ActiveCfg = Debug|Any CPU
		{2B8D9FA0-3456-4C7D-9E01-234567890ABC}.Debug|x64.Build.0 = Debug|Any CPU
		{2B8D9FA0-3456-4C7D-9E01-234567890ABC}.Debug|x86.ActiveCfg = Debug|Any CPU
		{2B8D9FA0-3456-4C7D-9E01-234567890ABC}.Debug|x86.Build.0 = Debug|Any CPU
		{2B8D9FA0-3456-4C7D-9E01-234567890ABC}.Release|Any CPU.ActiveCfg = Release|Any CPU
		{2B8D9FA0-3456-4C7D-9E01-234567890ABC}.Release|Any CPU.Build.0 = Release|Any CPU
		{2B8D9FA0-3456-4C7D-9E01-234567890ABC}.Release|x64.ActiveCfg = Release|Any CPU
		{2B8D9FA0-3456-4C7D-9E01-234567890ABC}.Release|x64.Build.0 = Release|Any CPU
		{2B8D9FA0-3456-4C7D-9E01-234567890ABC}.Release|x86.ActiveCfg = Release|Any CPU
		{2B8D9FA0-3456-4C7D-9E01-234567890ABC}.Release|x86.Build.0 = Release|Any CPU
		{3C9EA0B1-4567-4D8E-AF12-34567890ABCD}.Debug|Any CPU.ActiveCfg = Debug|Any CPU
		{3C9EA0B1-4567-4D8E-AF12-34567890ABCD}.Debug|Any CPU.Build.0 = Debug|Any CPU
		{3C9EA0B1-4567-4D8E-AF12-34567890ABCD}.Debug|x64.ActiveCfg = Debug|Any CPU
		{3C9EA0B1-4567-4D8E-AF12-34567890ABCD}.Debug|x64.Build.0 = Debug|Any CPU
		{3C9EA0B1-4567-4D8E-AF12-34567890ABCD}.Debug|x86.ActiveCfg = Debug|Any CPU
		{3C9EA0B1-4567-4D8E-AF12-34567890ABCD}.Debug|x86.Build.0 = Debug|Any CPU
		{3C9EA0B1-4567-4D8E-AF12-34567890ABCD}.Release|Any CPU.ActiveCfg = Release|Any CPU
		{3C9EA0B1-4567-4D8E-AF12-34567890ABCD}.Release|Any CPU.Build.0 = Release|Any CPU
		{3C9EA0B1-4567-4D8E-AF12-34567890ABCD}.Release|x64.ActiveCfg = Release|Any CPU
		{3C9EA0B1-4567-4D8E-AF12-34567890ABCD}.Release|x64.Build.0 = Release|Any CPU
		{3C9EA0B1-4567-4D8E-AF12-34567890ABCD}.Release|x86.ActiveCfg = Release|Any CPU
		{3C9EA0B1-4567-4D8E-AF12-34567890ABCD}.Release|x86.Build.0 = Release|Any CPU
		{4DAFB1C2-5678-4E9F-B012-4567890ABCDE}.Debug|Any CPU.ActiveCfg = Debug|Any CPU
		{4DAFB1C2-5678-4E9F-B012-4567890ABCDE}.Debug|Any CPU.Build.0 = Debug|Any CPU
		{4DAFB1C2-5678-4E9F-B012-4567890ABCDE}.Debug|x64.ActiveCfg = Debug|Any CPU
		{4DAFB1C2-5678-4E9F-B012-4567890ABCDE}.Debug|x64.Build.0 = Debug|Any CPU
		{4DAFB1C2-5678-4E9F-B012-4567890ABCDE}.Debug|x86.ActiveCfg = Debug|Any CPU
		{4DAFB1C2-5678-4E9F-B012-4567890ABCDE}.Debug|x86.Build.0 = Debug|Any CPU
		{4DAFB1C2-5678-4E9F-B012-4567890ABCDE}.Release|Any CPU.ActiveCfg = Release|Any CPU
		{4DAFB1C2-5678-4E9F-B012-4567890ABCDE}.Release|Any CPU.Build.0 = Release|Any CPU
		{4DAFB1C2-5678-4E9F-B012-4567890ABCDE}.Release|x64.ActiveCfg = Release|Any CPU
		{4DAFB1C2-5678-4E9F-B012-4567890ABCDE}.Release|x64.Build.0 = Release|Any CPU
		{4DAFB1C2-5678-4E9F-B012-4567890ABCDE}.Release|x86.ActiveCfg = Release|Any CPU
		{4DAFB1C2-5678-4E9F-B012-4567890ABCDE}.Release|x86.Build.0 = Release|Any CPU
		{5E0C8A10-0001-4000-9000-000000000601}.Debug|Any CPU.ActiveCfg = Debug|Any CPU
		{5E0C8A10-0001-4000-9000-000000000601}.Debug|Any CPU.Build.0 = Debug|Any CPU
		{5E0C8A10-0001-4000-9000-000000000601}.Debug|x64.ActiveCfg = Debug|Any CPU
		{5E0C8A10-0001-4000-9000-000000000601}.Debug|x64.Build.0 = Debug|Any CPU
		{5E0C8A10-0001-4000-9000-000000000601}.Debug|x86.ActiveCfg = Debug|Any CPU
		{5E0C8A10-0001-4000-9000-000000000601}.Debug|x86.Build.0 = Debug|Any CPU
		{5E0C8A10-0001-4000-9000-000000000601}.Release|Any CPU.ActiveCfg = Release|Any CPU
		{5E0C8A10-0001-4000-9000-000000000601}.Release|Any CPU.Build.0 = Release|Any CPU
		{5E0C8A10-0001-4000-9000-000000000601}.Release|x64.ActiveCfg = Release|Any CPU
		{5E0C8A10-0001-4000-9000-000000000601}.Release|x64.Build.0 = Release|Any CPU
		{5E0C8A10-0001-4000-9000-000000000601}.Release|x86.ActiveCfg = Release|Any CPU
		{5E0C8A10-0001-4000-9000-000000000601}.Release|x86.Build.0 = Release|Any CPU
		{5E0C8A10-0002-4000-9000-000000000602}.Debug|Any CPU.ActiveCfg = Debug|Any CPU
		{5E0C8A10-0002-4000-9000-000000000602}.Debug|Any CPU.Build.0 = Debug|Any CPU
		{5E0C8A10-0002-4000-9000-000000000602}.Debug|x64.ActiveCfg = Debug|Any CPU
		{5E0C8A10-0002-4000-9000-000000000602}.Debug|x64.Build.0 = Debug|Any CPU
		{5E0C8A10-0002-4000-9000-000000000602}.Debug|x86.ActiveCfg = Debug|Any CPU
		{5E0C8A10-0002-4000-9000-000000000602}.Debug|x86.Build.0 = Debug|Any CPU
		{5E0C8A10-0002-4000-9000-000000000602}.Release|Any CPU.ActiveCfg = Release|Any CPU
		{5E0C8A10-0002-4000-9000-000000000602}.Release|Any CPU.Build.0 = Release|Any CPU
		{5E0C8A10-0002-4000-9000-000000000602}.Release|x64.ActiveCfg = Release|Any CPU
		{5E0C8A10-0002-4000-9000-000000000602}.Release|x64.Build.0 = Release|Any CPU
		{5E0C8A10-0002-4000-9000-000000000602}.Release|x86.ActiveCfg = Release|Any CPU
		{5E0C8A10-0002-4000-9000-000000000602}.Release|x86.Build.0 = Release|Any CPU
		{5E0C8A10-0003-4000-9000-000000000603}.Debug|Any CPU.ActiveCfg = Debug|Any CPU
		{5E0C8A10-0003-4000-9000-000000000603}.Debug|Any CPU.Build.0 = Debug|Any CPU
		{5E0C8A10-0003-4000-9000-000000000603}.Debug|x64.ActiveCfg = Debug|Any CPU
		{5E0C8A10-0003-4000-9000-000000000603}.Debug|x64.Build.0 = Debug|Any CPU
		{5E0C8A10-0003-4000-9000-000000000603}.Debug|x86.ActiveCfg = Debug|Any CPU
		{5E0C8A10-0003-4000-9000-000000000603}.Debug|x86.Build.0 = Debug|Any CPU
		{5E0C8A10-0003-4000-9000-000000000603}.Release|Any CPU.ActiveCfg = Release|Any CPU
		{5E0C8A10-0003-4000-9000-000000000603}.Release|Any CPU.Build.0 = Release|Any CPU
		{5E0C8A10-0003-4000-9000-000000000603}.Release|x64.ActiveCfg = Release|Any CPU
		{5E0C8A10-0003-4000-9000-000000000603}.Release|x64.Build.0 = Release|Any CPU
		{5E0C8A10-0003-4000-9000-000000000603}.Release|x86.ActiveCfg = Release|Any CPU
		{5E0C8A10-0003-4000-9000-000000000603}.Release|x86.Build.0 = Release|Any CPU
		{5E0C8A10-0004-4000-9000-000000000604}.Debug|Any CPU.ActiveCfg = Debug|Any CPU
		{5E0C8A10-0004-4000-9000-000000000604}.Debug|Any CPU.Build.0 = Debug|Any CPU
		{5E0C8A10-0004-4000-9000-000000000604}.Debug|x64.ActiveCfg = Debug|Any CPU
		{5E0C8A10-0004-4000-9000-000000000604}.Debug|x64.Build.0 = Debug|Any CPU
		{5E0C8A10-0004-4000-9000-000000000604}.Debug|x86.ActiveCfg = Debug|Any CPU
		{5E0C8A10-0004-4000-9000-000000000604}.Debug|x86.Build.0 = Debug|Any CPU
		{5E0C8A10-0004-4000-9000-000000000604}.Release|Any CPU.ActiveCfg = Release|Any CPU
		{5E0C8A10-0004-4000-9000-000000000604}.Release|Any CPU.Build.0 = Release|Any CPU
		{5E0C8A10-0004-4000-9000-000000000604}.Release|x64.ActiveCfg = Release|Any CPU
		{5E0C8A10-0004-4000-9000-000000000604}.Release|x64.Build.0 = Release|Any CPU
		{5E0C8A10-0004-4000-9000-000000000604}.Release|x86.ActiveCfg = Release|Any CPU
		{5E0C8A10-0004-4000-9000-000000000604}.Release|x86.Build.0 = Release|Any CPU
		{5E0C8A10-0005-4000-9000-000000000605}.Debug|Any CPU.ActiveCfg = Debug|Any CPU
		{5E0C8A10-0005-4000-9000-000000000605}.Debug|Any CPU.Build.0 = Debug|Any CPU
		{5E0C8A10-0005-4000-9000-000000000605}.Debug|x64.ActiveCfg = Debug|Any CPU
		{5E0C8A10-0005-4000-9000-000000000605}.Debug|x64.Build.0 = Debug|Any CPU
		{5E0C8A10-0005-4000-9000-000000000605}.Debug|x86.ActiveCfg = Debug|Any CPU
		{5E0C8A10-0005-4000-9000-000000000605}.Debug|x86.Build.0 = Debug|Any CPU
		{5E0C8A10-0005-4000-9000-000000000605}.Release|Any CPU.ActiveCfg = Release|Any CPU
		{5E0C8A10-0005-4000-9000-000000000605}.Release|Any CPU.Build.0 = Release|Any CPU
		{5E0C8A10-0005-4000-9000-000000000605}.Release|x64.ActiveCfg = Release|Any CPU
		{5E0C8A10-0005-4000-9000-000000000605}.Release|x64.Build.0 = Release|Any CPU
		{5E0C8A10-0005-4000-9000-000000000605}.Release|x86.ActiveCfg = Release|Any CPU
		{5E0C8A10-0005-4000-9000-000000000605}.Release|x86.Build.0 = Release|Any CPU
		{5E0C8A10-0006-4000-9000-000000000606}.Debug|Any CPU.ActiveCfg = Debug|Any CPU
		{5E0C8A10-0006-4000-9000-000000000606}.Debug|Any CPU.Build.0 = Debug|Any CPU
		{5E0C8A10-0006-4000-9000-000000000606}.Debug|x64.ActiveCfg = Debug|Any CPU
		{5E0C8A10-0006-4000-9000-000000000606}.Debug|x64.Build.0 = Debug|Any CPU
		{5E0C8A10-0006-4000-9000-000000000606}.Debug|x86.ActiveCfg = Debug|Any CPU
		{5E0C8A10-0006-4000-9000-000000000606}.Debug|x86.Build.0 = Debug|Any CPU
		{5E0C8A10-0006-4000-9000-000000000606}.Release|Any CPU.ActiveCfg = Release|Any CPU
		{5E0C8A10-0006-4000-9000-000000000606}.Release|Any CPU.Build.0 = Release|Any CPU
		{5E0C8A10-0006-4000-9000-000000000606}.Release|x64.ActiveCfg = Release|Any CPU
		{5E0C8A10-0006-4000-9000-000000000606}.Release|x64.Build.0 = Release|Any CPU
		{5E0C8A10-0006-4000-9000-000000000606}.Release|x86.ActiveCfg = Release|Any CPU
		{5E0C8A10-0006-4000-9000-000000000606}.Release|x86.Build.0 = Release|Any CPU
		{5E0C8A10-0007-4000-9000-000000000607}.Debug|Any CPU.ActiveCfg = Debug|Any CPU
		{5E0C8A10-0007-4000-9000-000000000607}.Debug|Any CPU.Build.0 = Debug|Any CPU
		{5E0C8A10-0007-4000-9000-000000000607}.Debug|x64.ActiveCfg = Debug|Any CPU
		{5E0C8A10-0007-4000-9000-000000000607}.Debug|x64.Build.0 = Debug|Any CPU
		{5E0C8A10-0007-4000-9000-000000000607}.Debug|x86.ActiveCfg = Debug|Any CPU
		{5E0C8A10-0007-4000-9000-000000000607}.Debug|x86.Build.0 = Debug|Any CPU
		{5E0C8A10-0007-4000-9000-000000000607}.Release|Any CPU.ActiveCfg = Release|Any CPU
		{5E0C8A10-0007-4000-9000-000000000607}.Release|Any CPU.Build.0 = Release|Any CPU
		{5E0C8A10-0007-4000-9000-000000000607}.Release|x64.ActiveCfg = Release|Any CPU
		{5E0C8A10-0007-4000-9000-000000000607}.Release|x64.Build.0 = Release|Any CPU
		{5E0C8A10-0007-4000-9000-000000000607}.Release|x86.ActiveCfg = Release|Any CPU
		{5E0C8A10-0007-4000-9000-000000000607}.Release|x86.Build.0 = Release|Any CPU
		{5E0C8A10-0008-4000-9000-000000000608}.Debug|Any CPU.ActiveCfg = Debug|Any CPU
		{5E0C8A10-0008-4000-9000-000000000608}.Debug|Any CPU.Build.0 = Debug|Any CPU
		{5E0C8A10-0008-4000-9000-000000000608}.Debug|x64.ActiveCfg = Debug|Any CPU
		{5E0C8A10-0008-4000-9000-000000000608}.Debug|x64.Build.0 = Debug|Any CPU
		{5E0C8A10-0008-4000-9000-000000000608}.Debug|x86.ActiveCfg = Debug|Any CPU
		{5E0C8A10-0008-4000-9000-000000000608}.Debug|x86.Build.0 = Debug|Any CPU
		{5E0C8A10-0008-4000-9000-000000000608}.Release|Any CPU.ActiveCfg = Release|Any CPU
		{5E0C8A10-0008-4000-9000-000000000608}.Release|Any CPU.Build.0 = Release|Any CPU
		{5E0C8A10-0008-4000-9000-000000000608}.Release|x64.ActiveCfg = Release|Any CPU
		{5E0C8A10-0008-4000-9000-000000000608}.Release|x64.Build.0 = Release|Any CPU
		{5E0C8A10-0008-4000-9000-000000000608}.Release|x86.ActiveCfg = Release|Any CPU
		{5E0C8A10-0008-4000-9000-000000000608}.Release|x86.Build.0 = Release|Any CPU
		{5E0C8A10-0009-4000-9000-000000000609}.Debug|Any CPU.ActiveCfg = Debug|Any CPU
		{5E0C8A10-0009-4000-9000-000000000609}.Debug|Any CPU.Build.0 = Debug|Any CPU
		{5E0C8A10-0009-4000-9000-000000000609}.Debug|x64.ActiveCfg = Debug|Any CPU
		{5E0C8A10-0009-4000-9000-000000000609}.Debug|x64.Build.0 = Debug|Any CPU
		{5E0C8A10-0009-4000-9000-000000000609}.Debug|x86.ActiveCfg = Debug|Any CPU
		{5E0C8A10-0009-4000-9000-000000000609}.Debug|x86.Build.0 = Debug|Any CPU
		{5E0C8A10-0009-4000-9000-000000000609}.Release|Any CPU.ActiveCfg = Release|Any CPU
		{5E0C8A10-0009-4000-9000-000000000609}.Release|Any CPU.Build.0 = Release|Any CPU
		{5E0C8A10-0009-4000-9000-000000000609}.Release|x64.ActiveCfg = Release|Any CPU
		{5E0C8A10-0009-4000-9000-000000000609}.Release|x64.Build.0 = Release|Any CPU
		{5E0C8A10-0009-4000-9000-000000000609}.Release|x86.ActiveCfg = Release|Any CPU
		{5E0C8A10-0009-4000-9000-000000000609}.Release|x86.Build.0 = Release|Any CPU
		{438BE567-0227-4D2F-931E-BC1F0E782E4C}.Debug|Any CPU.ActiveCfg = Debug|Any CPU
		{438BE567-0227-4D2F-931E-BC1F0E782E4C}.Debug|Any CPU.Build.0 = Debug|Any CPU
		{438BE567-0227-4D2F-931E-BC1F0E782E4C}.Debug|x64.ActiveCfg = Debug|Any CPU
		{438BE567-0227-4D2F-931E-BC1F0E782E4C}.Debug|x64.Build.0 = Debug|Any CPU
		{438BE567-0227-4D2F-931E-BC1F0E782E4C}.Debug|x86.ActiveCfg = Debug|Any CPU
		{438BE567-0227-4D2F-931E-BC1F0E782E4C}.Debug|x86.Build.0 = Debug|Any CPU
		{438BE567-0227-4D2F-931E-BC1F0E782E4C}.Release|Any CPU.ActiveCfg = Release|Any CPU
		{438BE567-0227-4D2F-931E-BC1F0E782E4C}.Release|Any CPU.Build.0 = Release|Any CPU
		{438BE567-0227-4D2F-931E-BC1F0E782E4C}.Release|x64.ActiveCfg = Release|Any CPU
		{438BE567-0227-4D2F-931E-BC1F0E782E4C}.Release|x64.Build.0 = Release|Any CPU
		{438BE567-0227-4D2F-931E-BC1F0E782E4C}.Release|x86.ActiveCfg = Release|Any CPU
		{438BE567-0227-4D2F-931E-BC1F0E782E4C}.Release|x86.Build.0 = Release|Any CPU
		{29592F86-5BA9-465C-8C4F-E2A1C6CA2284}.Debug|Any CPU.ActiveCfg = Debug|Any CPU
		{29592F86-5BA9-465C-8C4F-E2A1C6CA2284}.Debug|Any CPU.Build.0 = Debug|Any CPU
		{29592F86-5BA9-465C-8C4F-E2A1C6CA2284}.Debug|x64.ActiveCfg = Debug|Any CPU
		{29592F86-5BA9-465C-8C4F-E2A1C6CA2284}.Debug|x64.Build.0 = Debug|Any CPU
		{29592F86-5BA9-465C-8C4F-E2A1C6CA2284}.Debug|x86.ActiveCfg = Debug|Any CPU
		{29592F86-5BA9-465C-8C4F-E2A1C6CA2284}.Debug|x86.Build.0 = Debug|Any CPU
		{29592F86-5BA9-465C-8C4F-E2A1C6CA2284}.Release|Any CPU.ActiveCfg = Release|Any CPU
		{29592F86-5BA9-465C-8C4F-E2A1C6CA2284}.Release|Any CPU.Build.0 = Release|Any CPU
		{29592F86-5BA9-465C-8C4F-E2A1C6CA2284}.Release|x64.ActiveCfg = Release|Any CPU
		{29592F86-5BA9-465C-8C4F-E2A1C6CA2284}.Release|x64.Build.0 = Release|Any CPU
		{29592F86-5BA9-465C-8C4F-E2A1C6CA2284}.Release|x86.ActiveCfg = Release|Any CPU
		{29592F86-5BA9-465C-8C4F-E2A1C6CA2284}.Release|x86.Build.0 = Release|Any CPU
		{FAE936DA-EFC0-41BA-BDEE-871223EB76C5}.Debug|Any CPU.ActiveCfg = Debug|Any CPU
		{FAE936DA-EFC0-41BA-BDEE-871223EB76C5}.Debug|Any CPU.Build.0 = Debug|Any CPU
		{FAE936DA-EFC0-41BA-BDEE-871223EB76C5}.Debug|x64.ActiveCfg = Debug|Any CPU
		{FAE936DA-EFC0-41BA-BDEE-871223EB76C5}.Debug|x64.Build.0 = Debug|Any CPU
		{FAE936DA-EFC0-41BA-BDEE-871223EB76C5}.Debug|x86.ActiveCfg = Debug|Any CPU
		{FAE936DA-EFC0-41BA-BDEE-871223EB76C5}.Debug|x86.Build.0 = Debug|Any CPU
		{FAE936DA-EFC0-41BA-BDEE-871223EB76C5}.Release|Any CPU.ActiveCfg = Release|Any CPU
		{FAE936DA-EFC0-41BA-BDEE-871223EB76C5}.Release|Any CPU.Build.0 = Release|Any CPU
		{FAE936DA-EFC0-41BA-BDEE-871223EB76C5}.Release|x64.ActiveCfg = Release|Any CPU
		{FAE936DA-EFC0-41BA-BDEE-871223EB76C5}.Release|x64.Build.0 = Release|Any CPU
		{FAE936DA-EFC0-41BA-BDEE-871223EB76C5}.Release|x86.ActiveCfg = Release|Any CPU
		{FAE936DA-EFC0-41BA-BDEE-871223EB76C5}.Release|x86.Build.0 = Release|Any CPU
		{EB2CF861-2F4E-4F89-984C-B2FE676EBA3C}.Debug|Any CPU.ActiveCfg = Debug|Any CPU
		{EB2CF861-2F4E-4F89-984C-B2FE676EBA3C}.Debug|Any CPU.Build.0 = Debug|Any CPU
		{EB2CF861-2F4E-4F89-984C-B2FE676EBA3C}.Debug|x64.ActiveCfg = Debug|Any CPU
		{EB2CF861-2F4E-4F89-984C-B2FE676EBA3C}.Debug|x64.Build.0 = Debug|Any CPU
		{EB2CF861-2F4E-4F89-984C-B2FE676EBA3C}.Debug|x86.ActiveCfg = Debug|Any CPU
		{EB2CF861-2F4E-4F89-984C-B2FE676EBA3C}.Debug|x86.Build.0 = Debug|Any CPU
		{EB2CF861-2F4E-4F89-984C-B2FE676EBA3C}.Release|Any CPU.ActiveCfg = Release|Any CPU
		{EB2CF861-2F4E-4F89-984C-B2FE676EBA3C}.Release|Any CPU.Build.0 = Release|Any CPU
		{EB2CF861-2F4E-4F89-984C-B2FE676EBA3C}.Release|x64.ActiveCfg = Release|Any CPU
		{EB2CF861-2F4E-4F89-984C-B2FE676EBA3C}.Release|x64.Build.0 = Release|Any CPU
		{EB2CF861-2F4E-4F89-984C-B2FE676EBA3C}.Release|x86.ActiveCfg = Release|Any CPU
		{EB2CF861-2F4E-4F89-984C-B2FE676EBA3C}.Release|x86.Build.0 = Release|Any CPU
		{19305444-42CE-47CA-A167-0BF79BF126A4}.Debug|Any CPU.ActiveCfg = Debug|Any CPU
		{19305444-42CE-47CA-A167-0BF79BF126A4}.Debug|Any CPU.Build.0 = Debug|Any CPU
		{19305444-42CE-47CA-A167-0BF79BF126A4}.Debug|x64.ActiveCfg = Debug|Any CPU
		{19305444-42CE-47CA-A167-0BF79BF126A4}.Debug|x64.Build.0 = Debug|Any CPU
		{19305444-42CE-47CA-A167-0BF79BF126A4}.Debug|x86.ActiveCfg = Debug|Any CPU
		{19305444-42CE-47CA-A167-0BF79BF126A4}.Debug|x86.Build.0 = Debug|Any CPU
		{19305444-42CE-47CA-A167-0BF79BF126A4}.Release|Any CPU.ActiveCfg = Release|Any CPU
		{19305444-42CE-47CA-A167-0BF79BF126A4}.Release|Any CPU.Build.0 = Release|Any CPU
		{19305444-42CE-47CA-A167-0BF79BF126A4}.Release|x64.ActiveCfg = Release|Any CPU
		{19305444-42CE-47CA-A167-0BF79BF126A4}.Release|x64.Build.0 = Release|Any CPU
		{19305444-42CE-47CA-A167-0BF79BF126A4}.Release|x86.ActiveCfg = Release|Any CPU
		{19305444-42CE-47CA-A167-0BF79BF126A4}.Release|x86.Build.0 = Release|Any CPU
		{92A6E519-3311-4BC6-839B-6A5162BC7CE0}.Debug|Any CPU.ActiveCfg = Debug|Any CPU
		{92A6E519-3311-4BC6-839B-6A5162BC7CE0}.Debug|Any CPU.Build.0 = Debug|Any CPU
		{92A6E519-3311-4BC6-839B-6A5162BC7CE0}.Debug|x64.ActiveCfg = Debug|Any CPU
		{92A6E519-3311-4BC6-839B-6A5162BC7CE0}.Debug|x64.Build.0 = Debug|Any CPU
		{92A6E519-3311-4BC6-839B-6A5162BC7CE0}.Debug|x86.ActiveCfg = Debug|Any CPU
		{92A6E519-3311-4BC6-839B-6A5162BC7CE0}.Debug|x86.Build.0 = Debug|Any CPU
		{92A6E519-3311-4BC6-839B-6A5162BC7CE0}.Release|Any CPU.ActiveCfg = Release|Any CPU
		{92A6E519-3311-4BC6-839B-6A5162BC7CE0}.Release|Any CPU.Build.0 = Release|Any CPU
		{92A6E519-3311-4BC6-839B-6A5162BC7CE0}.Release|x64.ActiveCfg = Release|Any CPU
		{92A6E519-3311-4BC6-839B-6A5162BC7CE0}.Release|x64.Build.0 = Release|Any CPU
		{92A6E519-3311-4BC6-839B-6A5162BC7CE0}.Release|x86.ActiveCfg = Release|Any CPU
		{92A6E519-3311-4BC6-839B-6A5162BC7CE0}.Release|x86.Build.0 = Release|Any CPU
		{835AE6F4-2A23-4637-807B-408E4C5D96C6}.Debug|Any CPU.ActiveCfg = Debug|Any CPU
		{835AE6F4-2A23-4637-807B-408E4C5D96C6}.Debug|Any CPU.Build.0 = Debug|Any CPU
		{835AE6F4-2A23-4637-807B-408E4C5D96C6}.Debug|x64.ActiveCfg = Debug|Any CPU
		{835AE6F4-2A23-4637-807B-408E4C5D96C6}.Debug|x64.Build.0 = Debug|Any CPU
		{835AE6F4-2A23-4637-807B-408E4C5D96C6}.Debug|x86.ActiveCfg = Debug|Any CPU
		{835AE6F4-2A23-4637-807B-408E4C5D96C6}.Debug|x86.Build.0 = Debug|Any CPU
		{835AE6F4-2A23-4637-807B-408E4C5D96C6}.Release|Any CPU.ActiveCfg = Release|Any CPU
		{835AE6F4-2A23-4637-807B-408E4C5D96C6}.Release|Any CPU.Build.0 = Release|Any CPU
		{835AE6F4-2A23-4637-807B-408E4C5D96C6}.Release|x64.ActiveCfg = Release|Any CPU
		{835AE6F4-2A23-4637-807B-408E4C5D96C6}.Release|x64.Build.0 = Release|Any CPU
		{835AE6F4-2A23-4637-807B-408E4C5D96C6}.Release|x86.ActiveCfg = Release|Any CPU
		{835AE6F4-2A23-4637-807B-408E4C5D96C6}.Release|x86.Build.0 = Release|Any CPU
		{9C23F0A0-278D-47AC-B277-BA2AF4FE2F9E}.Debug|Any CPU.ActiveCfg = Debug|Any CPU
		{9C23F0A0-278D-47AC-B277-BA2AF4FE2F9E}.Debug|Any CPU.Build.0 = Debug|Any CPU
		{9C23F0A0-278D-47AC-B277-BA2AF4FE2F9E}.Debug|x64.ActiveCfg = Debug|Any CPU
		{9C23F0A0-278D-47AC-B277-BA2AF4FE2F9E}.Debug|x64.Build.0 = Debug|Any CPU
		{9C23F0A0-278D-47AC-B277-BA2AF4FE2F9E}.Debug|x86.ActiveCfg = Debug|Any CPU
		{9C23F0A0-278D-47AC-B277-BA2AF4FE2F9E}.Debug|x86.Build.0 = Debug|Any CPU
		{9C23F0A0-278D-47AC-B277-BA2AF4FE2F9E}.Release|Any CPU.ActiveCfg = Release|Any CPU
		{9C23F0A0-278D-47AC-B277-BA2AF4FE2F9E}.Release|Any CPU.Build.0 = Release|Any CPU
		{9C23F0A0-278D-47AC-B277-BA2AF4FE2F9E}.Release|x64.ActiveCfg = Release|Any CPU
		{9C23F0A0-278D-47AC-B277-BA2AF4FE2F9E}.Release|x64.Build.0 = Release|Any CPU
		{9C23F0A0-278D-47AC-B277-BA2AF4FE2F9E}.Release|x86.ActiveCfg = Release|Any CPU
		{9C23F0A0-278D-47AC-B277-BA2AF4FE2F9E}.Release|x86.Build.0 = Release|Any CPU
		{207801F9-5AA5-40E0-BE6E-6F0C65D91F99}.Debug|Any CPU.ActiveCfg = Debug|Any CPU
		{207801F9-5AA5-40E0-BE6E-6F0C65D91F99}.Debug|Any CPU.Build.0 = Debug|Any CPU
		{207801F9-5AA5-40E0-BE6E-6F0C65D91F99}.Debug|x64.ActiveCfg = Debug|Any CPU
		{207801F9-5AA5-40E0-BE6E-6F0C65D91F99}.Debug|x64.Build.0 = Debug|Any CPU
		{207801F9-5AA5-40E0-BE6E-6F0C65D91F99}.Debug|x86.ActiveCfg = Debug|Any CPU
		{207801F9-5AA5-40E0-BE6E-6F0C65D91F99}.Debug|x86.Build.0 = Debug|Any CPU
		{207801F9-5AA5-40E0-BE6E-6F0C65D91F99}.Release|Any CPU.ActiveCfg = Release|Any CPU
		{207801F9-5AA5-40E0-BE6E-6F0C65D91F99}.Release|Any CPU.Build.0 = Release|Any CPU
		{207801F9-5AA5-40E0-BE6E-6F0C65D91F99}.Release|x64.ActiveCfg = Release|Any CPU
		{207801F9-5AA5-40E0-BE6E-6F0C65D91F99}.Release|x64.Build.0 = Release|Any CPU
		{207801F9-5AA5-40E0-BE6E-6F0C65D91F99}.Release|x86.ActiveCfg = Release|Any CPU
		{207801F9-5AA5-40E0-BE6E-6F0C65D91F99}.Release|x86.Build.0 = Release|Any CPU
		{4E967108-3B31-4A6F-89E0-79A884039355}.Debug|Any CPU.ActiveCfg = Debug|Any CPU
		{4E967108-3B31-4A6F-89E0-79A884039355}.Debug|Any CPU.Build.0 = Debug|Any CPU
		{4E967108-3B31-4A6F-89E0-79A884039355}.Debug|x64.ActiveCfg = Debug|Any CPU
		{4E967108-3B31-4A6F-89E0-79A884039355}.Debug|x64.Build.0 = Debug|Any CPU
		{4E967108-3B31-4A6F-89E0-79A884039355}.Debug|x86.ActiveCfg = Debug|Any CPU
		{4E967108-3B31-4A6F-89E0-79A884039355}.Debug|x86.Build.0 = Debug|Any CPU
		{4E967108-3B31-4A6F-89E0-79A884039355}.Release|Any CPU.ActiveCfg = Release|Any CPU
		{4E967108-3B31-4A6F-89E0-79A884039355}.Release|Any CPU.Build.0 = Release|Any CPU
		{4E967108-3B31-4A6F-89E0-79A884039355}.Release|x64.ActiveCfg = Release|Any CPU
		{4E967108-3B31-4A6F-89E0-79A884039355}.Release|x64.Build.0 = Release|Any CPU
		{4E967108-3B31-4A6F-89E0-79A884039355}.Release|x86.ActiveCfg = Release|Any CPU
		{4E967108-3B31-4A6F-89E0-79A884039355}.Release|x86.Build.0 = Release|Any CPU
		{BC686528-4732-40E9-A93D-4905B0B67849}.Debug|Any CPU.ActiveCfg = Debug|Any CPU
		{BC686528-4732-40E9-A93D-4905B0B67849}.Debug|Any CPU.Build.0 = Debug|Any CPU
		{BC686528-4732-40E9-A93D-4905B0B67849}.Debug|x64.ActiveCfg = Debug|Any CPU
		{BC686528-4732-40E9-A93D-4905B0B67849}.Debug|x64.Build.0 = Debug|Any CPU
		{BC686528-4732-40E9-A93D-4905B0B67849}.Debug|x86.ActiveCfg = Debug|Any CPU
		{BC686528-4732-40E9-A93D-4905B0B67849}.Debug|x86.Build.0 = Debug|Any CPU
		{BC686528-4732-40E9-A93D-4905B0B67849}.Release|Any CPU.ActiveCfg = Release|Any CPU
		{BC686528-4732-40E9-A93D-4905B0B67849}.Release|Any CPU.Build.0 = Release|Any CPU
		{BC686528-4732-40E9-A93D-4905B0B67849}.Release|x64.ActiveCfg = Release|Any CPU
		{BC686528-4732-40E9-A93D-4905B0B67849}.Release|x64.Build.0 = Release|Any CPU
		{BC686528-4732-40E9-A93D-4905B0B67849}.Release|x86.ActiveCfg = Release|Any CPU
		{BC686528-4732-40E9-A93D-4905B0B67849}.Release|x86.Build.0 = Release|Any CPU
		{C0B01F1C-0383-4695-B0C4-E9836BC8061B}.Debug|Any CPU.ActiveCfg = Debug|Any CPU
		{C0B01F1C-0383-4695-B0C4-E9836BC8061B}.Debug|Any CPU.Build.0 = Debug|Any CPU
		{C0B01F1C-0383-4695-B0C4-E9836BC8061B}.Debug|x64.ActiveCfg = Debug|Any CPU
		{C0B01F1C-0383-4695-B0C4-E9836BC8061B}.Debug|x64.Build.0 = Debug|Any CPU
		{C0B01F1C-0383-4695-B0C4-E9836BC8061B}.Debug|x86.ActiveCfg = Debug|Any CPU
		{C0B01F1C-0383-4695-B0C4-E9836BC8061B}.Debug|x86.Build.0 = Debug|Any CPU
		{C0B01F1C-0383-4695-B0C4-E9836BC8061B}.Release|Any CPU.ActiveCfg = Release|Any CPU
		{C0B01F1C-0383-4695-B0C4-E9836BC8061B}.Release|Any CPU.Build.0 = Release|Any CPU
		{C0B01F1C-0383-4695-B0C4-E9836BC8061B}.Release|x64.ActiveCfg = Release|Any CPU
		{C0B01F1C-0383-4695-B0C4-E9836BC8061B}.Release|x64.Build.0 = Release|Any CPU
		{C0B01F1C-0383-4695-B0C4-E9836BC8061B}.Release|x86.ActiveCfg = Release|Any CPU
		{C0B01F1C-0383-4695-B0C4-E9836BC8061B}.Release|x86.Build.0 = Release|Any CPU
		{E1026BB2-D6FB-42A8-A18F-B18F05351F8B}.Debug|Any CPU.ActiveCfg = Debug|Any CPU
		{E1026BB2-D6FB-42A8-A18F-B18F05351F8B}.Debug|Any CPU.Build.0 = Debug|Any CPU
		{E1026BB2-D6FB-42A8-A18F-B18F05351F8B}.Debug|x64.ActiveCfg = Debug|Any CPU
		{E1026BB2-D6FB-42A8-A18F-B18F05351F8B}.Debug|x64.Build.0 = Debug|Any CPU
		{E1026BB2-D6FB-42A8-A18F-B18F05351F8B}.Debug|x86.ActiveCfg = Debug|Any CPU
		{E1026BB2-D6FB-42A8-A18F-B18F05351F8B}.Debug|x86.Build.0 = Debug|Any CPU
		{E1026BB2-D6FB-42A8-A18F-B18F05351F8B}.Release|Any CPU.ActiveCfg = Release|Any CPU
		{E1026BB2-D6FB-42A8-A18F-B18F05351F8B}.Release|Any CPU.Build.0 = Release|Any CPU
		{E1026BB2-D6FB-42A8-A18F-B18F05351F8B}.Release|x64.ActiveCfg = Release|Any CPU
		{E1026BB2-D6FB-42A8-A18F-B18F05351F8B}.Release|x64.Build.0 = Release|Any CPU
		{E1026BB2-D6FB-42A8-A18F-B18F05351F8B}.Release|x86.ActiveCfg = Release|Any CPU
		{E1026BB2-D6FB-42A8-A18F-B18F05351F8B}.Release|x86.Build.0 = Release|Any CPU
		{41FE0A98-3D1B-48EF-A1F5-86C9C10D2C0B}.Debug|Any CPU.ActiveCfg = Debug|Any CPU
		{41FE0A98-3D1B-48EF-A1F5-86C9C10D2C0B}.Debug|Any CPU.Build.0 = Debug|Any CPU
		{41FE0A98-3D1B-48EF-A1F5-86C9C10D2C0B}.Debug|x64.ActiveCfg = Debug|Any CPU
		{41FE0A98-3D1B-48EF-A1F5-86C9C10D2C0B}.Debug|x64.Build.0 = Debug|Any CPU
		{41FE0A98-3D1B-48EF-A1F5-86C9C10D2C0B}.Debug|x86.ActiveCfg = Debug|Any CPU
		{41FE0A98-3D1B-48EF-A1F5-86C9C10D2C0B}.Debug|x86.Build.0 = Debug|Any CPU
		{41FE0A98-3D1B-48EF-A1F5-86C9C10D2C0B}.Release|Any CPU.ActiveCfg = Release|Any CPU
		{41FE0A98-3D1B-48EF-A1F5-86C9C10D2C0B}.Release|Any CPU.Build.0 = Release|Any CPU
		{41FE0A98-3D1B-48EF-A1F5-86C9C10D2C0B}.Release|x64.ActiveCfg = Release|Any CPU
		{41FE0A98-3D1B-48EF-A1F5-86C9C10D2C0B}.Release|x64.Build.0 = Release|Any CPU
		{41FE0A98-3D1B-48EF-A1F5-86C9C10D2C0B}.Release|x86.ActiveCfg = Release|Any CPU
		{41FE0A98-3D1B-48EF-A1F5-86C9C10D2C0B}.Release|x86.Build.0 = Release|Any CPU
		{3975E58A-B703-4320-A2BF-F81F9C7079DB}.Debug|Any CPU.ActiveCfg = Debug|Any CPU
		{3975E58A-B703-4320-A2BF-F81F9C7079DB}.Debug|Any CPU.Build.0 = Debug|Any CPU
		{3975E58A-B703-4320-A2BF-F81F9C7079DB}.Debug|x64.ActiveCfg = Debug|Any CPU
		{3975E58A-B703-4320-A2BF-F81F9C7079DB}.Debug|x64.Build.0 = Debug|Any CPU
		{3975E58A-B703-4320-A2BF-F81F9C7079DB}.Debug|x86.ActiveCfg = Debug|Any CPU
		{3975E58A-B703-4320-A2BF-F81F9C7079DB}.Debug|x86.Build.0 = Debug|Any CPU
		{3975E58A-B703-4320-A2BF-F81F9C7079DB}.Release|Any CPU.ActiveCfg = Release|Any CPU
		{3975E58A-B703-4320-A2BF-F81F9C7079DB}.Release|Any CPU.Build.0 = Release|Any CPU
		{3975E58A-B703-4320-A2BF-F81F9C7079DB}.Release|x64.ActiveCfg = Release|Any CPU
		{3975E58A-B703-4320-A2BF-F81F9C7079DB}.Release|x64.Build.0 = Release|Any CPU
		{3975E58A-B703-4320-A2BF-F81F9C7079DB}.Release|x86.ActiveCfg = Release|Any CPU
		{3975E58A-B703-4320-A2BF-F81F9C7079DB}.Release|x86.Build.0 = Release|Any CPU
		{26ABCAE1-6C43-4D0C-8E0C-3370A535D7E3}.Debug|Any CPU.ActiveCfg = Debug|Any CPU
		{26ABCAE1-6C43-4D0C-8E0C-3370A535D7E3}.Debug|Any CPU.Build.0 = Debug|Any CPU
		{26ABCAE1-6C43-4D0C-8E0C-3370A535D7E3}.Debug|x64.ActiveCfg = Debug|Any CPU
		{26ABCAE1-6C43-4D0C-8E0C-3370A535D7E3}.Debug|x64.Build.0 = Debug|Any CPU
		{26ABCAE1-6C43-4D0C-8E0C-3370A535D7E3}.Debug|x86.ActiveCfg = Debug|Any CPU
		{26ABCAE1-6C43-4D0C-8E0C-3370A535D7E3}.Debug|x86.Build.0 = Debug|Any CPU
		{26ABCAE1-6C43-4D0C-8E0C-3370A535D7E3}.Release|Any CPU.ActiveCfg = Release|Any CPU
		{26ABCAE1-6C43-4D0C-8E0C-3370A535D7E3}.Release|Any CPU.Build.0 = Release|Any CPU
		{26ABCAE1-6C43-4D0C-8E0C-3370A535D7E3}.Release|x64.ActiveCfg = Release|Any CPU
		{26ABCAE1-6C43-4D0C-8E0C-3370A535D7E3}.Release|x64.Build.0 = Release|Any CPU
		{26ABCAE1-6C43-4D0C-8E0C-3370A535D7E3}.Release|x86.ActiveCfg = Release|Any CPU
		{26ABCAE1-6C43-4D0C-8E0C-3370A535D7E3}.Release|x86.Build.0 = Release|Any CPU
		{C4925928-A6B5-4A75-8530-323652D80BC7}.Debug|Any CPU.ActiveCfg = Debug|Any CPU
		{C4925928-A6B5-4A75-8530-323652D80BC7}.Debug|Any CPU.Build.0 = Debug|Any CPU
		{C4925928-A6B5-4A75-8530-323652D80BC7}.Debug|x64.ActiveCfg = Debug|Any CPU
		{C4925928-A6B5-4A75-8530-323652D80BC7}.Debug|x64.Build.0 = Debug|Any CPU
		{C4925928-A6B5-4A75-8530-323652D80BC7}.Debug|x86.ActiveCfg = Debug|Any CPU
		{C4925928-A6B5-4A75-8530-323652D80BC7}.Debug|x86.Build.0 = Debug|Any CPU
		{C4925928-A6B5-4A75-8530-323652D80BC7}.Release|Any CPU.ActiveCfg = Release|Any CPU
		{C4925928-A6B5-4A75-8530-323652D80BC7}.Release|Any CPU.Build.0 = Release|Any CPU
		{C4925928-A6B5-4A75-8530-323652D80BC7}.Release|x64.ActiveCfg = Release|Any CPU
		{C4925928-A6B5-4A75-8530-323652D80BC7}.Release|x64.Build.0 = Release|Any CPU
		{C4925928-A6B5-4A75-8530-323652D80BC7}.Release|x86.ActiveCfg = Release|Any CPU
		{C4925928-A6B5-4A75-8530-323652D80BC7}.Release|x86.Build.0 = Release|Any CPU
		{B0E0953E-E0EC-40B1-8E7C-9C23621594FF}.Debug|Any CPU.ActiveCfg = Debug|Any CPU
		{B0E0953E-E0EC-40B1-8E7C-9C23621594FF}.Debug|Any CPU.Build.0 = Debug|Any CPU
		{B0E0953E-E0EC-40B1-8E7C-9C23621594FF}.Debug|x64.ActiveCfg = Debug|Any CPU
		{B0E0953E-E0EC-40B1-8E7C-9C23621594FF}.Debug|x64.Build.0 = Debug|Any CPU
		{B0E0953E-E0EC-40B1-8E7C-9C23621594FF}.Debug|x86.ActiveCfg = Debug|Any CPU
		{B0E0953E-E0EC-40B1-8E7C-9C23621594FF}.Debug|x86.Build.0 = Debug|Any CPU
		{B0E0953E-E0EC-40B1-8E7C-9C23621594FF}.Release|Any CPU.ActiveCfg = Release|Any CPU
		{B0E0953E-E0EC-40B1-8E7C-9C23621594FF}.Release|Any CPU.Build.0 = Release|Any CPU
		{B0E0953E-E0EC-40B1-8E7C-9C23621594FF}.Release|x64.ActiveCfg = Release|Any CPU
		{B0E0953E-E0EC-40B1-8E7C-9C23621594FF}.Release|x64.Build.0 = Release|Any CPU
		{B0E0953E-E0EC-40B1-8E7C-9C23621594FF}.Release|x86.ActiveCfg = Release|Any CPU
		{B0E0953E-E0EC-40B1-8E7C-9C23621594FF}.Release|x86.Build.0 = Release|Any CPU
	EndGlobalSection
	GlobalSection(SolutionProperties) = preSolution
		HideSolutionNode = FALSE
	EndGlobalSection
	GlobalSection(NestedProjects) = preSolution
		{438BE567-0227-4D2F-931E-BC1F0E782E4C} = {827E0CD3-B72D-47B6-A68D-7590B98EB39B}
		{29592F86-5BA9-465C-8C4F-E2A1C6CA2284} = {827E0CD3-B72D-47B6-A68D-7590B98EB39B}
		{FAE936DA-EFC0-41BA-BDEE-871223EB76C5} = {0AB3BF05-4346-4AA6-1389-037BE0695223}
		{EB2CF861-2F4E-4F89-984C-B2FE676EBA3C} = {0AB3BF05-4346-4AA6-1389-037BE0695223}
		{19305444-42CE-47CA-A167-0BF79BF126A4} = {827E0CD3-B72D-47B6-A68D-7590B98EB39B}
		{92A6E519-3311-4BC6-839B-6A5162BC7CE0} = {827E0CD3-B72D-47B6-A68D-7590B98EB39B}
		{835AE6F4-2A23-4637-807B-408E4C5D96C6} = {0AB3BF05-4346-4AA6-1389-037BE0695223}
		{9C23F0A0-278D-47AC-B277-BA2AF4FE2F9E} = {0AB3BF05-4346-4AA6-1389-037BE0695223}
		{207801F9-5AA5-40E0-BE6E-6F0C65D91F99} = {827E0CD3-B72D-47B6-A68D-7590B98EB39B}
		{4E967108-3B31-4A6F-89E0-79A884039355} = {827E0CD3-B72D-47B6-A68D-7590B98EB39B}
		{BC686528-4732-40E9-A93D-4905B0B67849} = {827E0CD3-B72D-47B6-A68D-7590B98EB39B}
		{C0B01F1C-0383-4695-B0C4-E9836BC8061B} = {827E0CD3-B72D-47B6-A68D-7590B98EB39B}
		{E1026BB2-D6FB-42A8-A18F-B18F05351F8B} = {0AB3BF05-4346-4AA6-1389-037BE0695223}
		{41FE0A98-3D1B-48EF-A1F5-86C9C10D2C0B} = {0AB3BF05-4346-4AA6-1389-037BE0695223}
		{3975E58A-B703-4320-A2BF-F81F9C7079DB} = {0AB3BF05-4346-4AA6-1389-037BE0695223}
		{26ABCAE1-6C43-4D0C-8E0C-3370A535D7E3} = {0AB3BF05-4346-4AA6-1389-037BE0695223}
		{C4925928-A6B5-4A75-8530-323652D80BC7} = {827E0CD3-B72D-47B6-A68D-7590B98EB39B}
		{B0E0953E-E0EC-40B1-8E7C-9C23621594FF} = {0AB3BF05-4346-4AA6-1389-037BE0695223}
	EndGlobalSection
EndGlobal
